
Microsoft Visual Studio Solution File, Format Version 12.00
# Visual Studio 14
VisualStudioVersion = 14.0.23107.0
MinimumVisualStudioVersion = 10.0.40219.1
Project("{FAE04EC0-301F-11D3-BF4B-00C04F79EFBC}") = "Sightstone", "SightStone\Sightstone.csproj", "{CFD70B77-054E-4900-A2B5-71368CC789E2}"
EndProject
Project("{FAE04EC0-301F-11D3-BF4B-00C04F79EFBC}") = "Sightstone.Plugin", "Sightstone.Plugin\Sightstone.Plugin.csproj", "{6377EB9A-2693-44D3-856A-1AE328314A45}"
EndProject
Project("{FAE04EC0-301F-11D3-BF4B-00C04F79EFBC}") = "Sightstone.RiotConnect", "Sightstone.RiotConnect\Sightstone.RiotConnect.csproj", "{5D134F9D-2B1B-4AC9-8A5D-27AB70ACB764}"
EndProject
Project("{FAE04EC0-301F-11D3-BF4B-00C04F79EFBC}") = "rtmp-sharp", "rtmp-sharp\rtmp-sharp.csproj", "{AA1A4F5D-3BD4-4832-9F5D-90727007727E}"
EndProject
Project("{FAE04EC0-301F-11D3-BF4B-00C04F79EFBC}") = "Sightstone.Core", "Sightstone.Core\Sightstone.Core.csproj", "{171F6346-AAEC-4D1D-9B11-0B70100B4CB2}"
EndProject
Project("{FAE04EC0-301F-11D3-BF4B-00C04F79EFBC}") = "Sightstone.Server", "Sightstone.Server\Sightstone.Server.csproj", "{E70D1DAE-CBCA-4E09-9DB5-70C50A078CD5}"
EndProject
Project("{FAE04EC0-301F-11D3-BF4B-00C04F79EFBC}") = "Sightstone.Views", "Sightstone.Views\Sightstone.Views.csproj", "{BF2A744A-FF3F-4B30-8D03-7F0E3E39BD1B}"
EndProject
Project("{2150E333-8FDC-42A3-9474-1A3956D46DE8}") = "Sightstone Versions", "Sightstone Versions", "{A5AD80F6-5807-49F0-96A7-8D809D71A926}"
EndProject
Project("{2150E333-8FDC-42A3-9474-1A3956D46DE8}") = "Extenal Libraries", "Extenal Libraries", "{1A936E94-1279-4635-8BCD-4C402F993D85}"
EndProject
Project("{2150E333-8FDC-42A3-9474-1A3956D46DE8}") = "Basic Functions", "Basic Functions", "{D44CE920-0C87-4D06-9ABC-34D958A54EEE}"
EndProject
Project("{2150E333-8FDC-42A3-9474-1A3956D46DE8}") = "SightstonePlus Functions", "SightstonePlus Functions", "{A54213A7-4F25-4A43-BB44-77021498EC05}"
EndProject
Project("{2150E333-8FDC-42A3-9474-1A3956D46DE8}") = "Light", "Light", "{13C6B535-BB6A-413D-ACAB-292BC090D6E9}"
EndProject
Project("{2150E333-8FDC-42A3-9474-1A3956D46DE8}") = "Extra Functions", "Extra Functions", "{C99F511F-EEDA-4C5A-B891-EB1A882F7DA7}"
EndProject
Project("{2150E333-8FDC-42A3-9474-1A3956D46DE8}") = "UltraLight", "UltraLight", "{0EE2A292-74E0-4823-8615-7AEA10FF7904}"
EndProject
Project("{2150E333-8FDC-42A3-9474-1A3956D46DE8}") = "Light", "Light", "{80FD4A75-27CB-43DE-A14E-BBCE71C8821E}"
EndProject
Project("{FAE04EC0-301F-11D3-BF4B-00C04F79EFBC}") = "Sightstone.LightCore", "Sightstone.LightCore\Sightstone.LightCore.csproj", "{2C18E3BE-FE56-4B89-B525-5DEB0298B052}"
EndProject
Project("{FAE04EC0-301F-11D3-BF4B-00C04F79EFBC}") = "Sightstone.LightViews", "Sightstone.LightViews\Sightstone.LightViews.csproj", "{6C677D02-91E3-48F0-869B-189F704F573C}"
EndProject
Project("{FAE04EC0-301F-11D3-BF4B-00C04F79EFBC}") = "Sightstone.UltraLightCore", "Sightstone.UltraLightCore\Sightstone.UltraLightCore.csproj", "{32E9E2D0-B2CF-4807-893C-76D84E7436A2}"
EndProject
Project("{FAE04EC0-301F-11D3-BF4B-00C04F79EFBC}") = "Sightstone.UltraLightViews", "Sightstone.UltraLightViews\Sightstone.UltraLightViews.csproj", "{F172F338-65B4-43F0-B0AB-FAA63919DA63}"
EndProject
Project("{2150E333-8FDC-42A3-9474-1A3956D46DE8}") = "Regular", "Regular", "{7C668AE2-140D-4AE1-AF15-FCDD698D4FD3}"
EndProject
Project("{2150E333-8FDC-42A3-9474-1A3956D46DE8}") = "Helper Functions", "Helper Functions", "{C8AF8770-9AFB-455B-86C4-0B6A935CF741}"
EndProject
Project("{FAE04EC0-301F-11D3-BF4B-00C04F79EFBC}") = "Sightstone.Chat", "Sightstone.Chat\Sightstone.Chat.csproj", "{99E201B6-5885-4619-8C8B-A5871B3912F5}"
EndProject
Project("{FAE04EC0-301F-11D3-BF4B-00C04F79EFBC}") = "agsXMPP2013", "..\..\..\..\Desktop\agsxmpp-master\agsxmpp\agsXMPP2013.csproj", "{91EA0D0B-D3BA-497F-AFEB-2CAD59DEBA0E}"
EndProject
Global
	GlobalSection(SolutionConfigurationPlatforms) = preSolution
		Debug|Any CPU = Debug|Any CPU
		Release|Any CPU = Release|Any CPU
	EndGlobalSection
	GlobalSection(ProjectConfigurationPlatforms) = postSolution
		{CFD70B77-054E-4900-A2B5-71368CC789E2}.Debug|Any CPU.ActiveCfg = Debug|Any CPU
		{CFD70B77-054E-4900-A2B5-71368CC789E2}.Debug|Any CPU.Build.0 = Debug|Any CPU
		{CFD70B77-054E-4900-A2B5-71368CC789E2}.Release|Any CPU.ActiveCfg = Release|Any CPU
		{CFD70B77-054E-4900-A2B5-71368CC789E2}.Release|Any CPU.Build.0 = Release|Any CPU
		{6377EB9A-2693-44D3-856A-1AE328314A45}.Debug|Any CPU.ActiveCfg = Debug|Any CPU
		{6377EB9A-2693-44D3-856A-1AE328314A45}.Debug|Any CPU.Build.0 = Debug|Any CPU
		{6377EB9A-2693-44D3-856A-1AE328314A45}.Release|Any CPU.ActiveCfg = Release|Any CPU
		{6377EB9A-2693-44D3-856A-1AE328314A45}.Release|Any CPU.Build.0 = Release|Any CPU
		{5D134F9D-2B1B-4AC9-8A5D-27AB70ACB764}.Debug|Any CPU.ActiveCfg = Debug|Any CPU
		{5D134F9D-2B1B-4AC9-8A5D-27AB70ACB764}.Debug|Any CPU.Build.0 = Debug|Any CPU
		{5D134F9D-2B1B-4AC9-8A5D-27AB70ACB764}.Release|Any CPU.ActiveCfg = Release|Any CPU
		{5D134F9D-2B1B-4AC9-8A5D-27AB70ACB764}.Release|Any CPU.Build.0 = Release|Any CPU
		{AA1A4F5D-3BD4-4832-9F5D-90727007727E}.Debug|Any CPU.ActiveCfg = Debug|Any CPU
		{AA1A4F5D-3BD4-4832-9F5D-90727007727E}.Debug|Any CPU.Build.0 = Debug|Any CPU
		{AA1A4F5D-3BD4-4832-9F5D-90727007727E}.Release|Any CPU.ActiveCfg = Release|Any CPU
		{AA1A4F5D-3BD4-4832-9F5D-90727007727E}.Release|Any CPU.Build.0 = Release|Any CPU
		{171F6346-AAEC-4D1D-9B11-0B70100B4CB2}.Debug|Any CPU.ActiveCfg = Debug|Any CPU
		{171F6346-AAEC-4D1D-9B11-0B70100B4CB2}.Debug|Any CPU.Build.0 = Debug|Any CPU
		{171F6346-AAEC-4D1D-9B11-0B70100B4CB2}.Release|Any CPU.ActiveCfg = Release|Any CPU
		{171F6346-AAEC-4D1D-9B11-0B70100B4CB2}.Release|Any CPU.Build.0 = Release|Any CPU
		{E70D1DAE-CBCA-4E09-9DB5-70C50A078CD5}.Debug|Any CPU.ActiveCfg = Debug|Any CPU
		{E70D1DAE-CBCA-4E09-9DB5-70C50A078CD5}.Debug|Any CPU.Build.0 = Debug|Any CPU
		{E70D1DAE-CBCA-4E09-9DB5-70C50A078CD5}.Release|Any CPU.ActiveCfg = Release|Any CPU
		{E70D1DAE-CBCA-4E09-9DB5-70C50A078CD5}.Release|Any CPU.Build.0 = Release|Any CPU
		{BF2A744A-FF3F-4B30-8D03-7F0E3E39BD1B}.Debug|Any CPU.ActiveCfg = Debug|Any CPU
		{BF2A744A-FF3F-4B30-8D03-7F0E3E39BD1B}.Debug|Any CPU.Build.0 = Debug|Any CPU
		{BF2A744A-FF3F-4B30-8D03-7F0E3E39BD1B}.Release|Any CPU.ActiveCfg = Release|Any CPU
		{BF2A744A-FF3F-4B30-8D03-7F0E3E39BD1B}.Release|Any CPU.Build.0 = Release|Any CPU
		{2C18E3BE-FE56-4B89-B525-5DEB0298B052}.Debug|Any CPU.ActiveCfg = Debug|Any CPU
		{2C18E3BE-FE56-4B89-B525-5DEB0298B052}.Debug|Any CPU.Build.0 = Debug|Any CPU
		{2C18E3BE-FE56-4B89-B525-5DEB0298B052}.Release|Any CPU.ActiveCfg = Release|Any CPU
		{2C18E3BE-FE56-4B89-B525-5DEB0298B052}.Release|Any CPU.Build.0 = Release|Any CPU
		{6C677D02-91E3-48F0-869B-189F704F573C}.Debug|Any CPU.ActiveCfg = Debug|Any CPU
		{6C677D02-91E3-48F0-869B-189F704F573C}.Debug|Any CPU.Build.0 = Debug|Any CPU
		{6C677D02-91E3-48F0-869B-189F704F573C}.Release|Any CPU.ActiveCfg = Release|Any CPU
		{6C677D02-91E3-48F0-869B-189F704F573C}.Release|Any CPU.Build.0 = Release|Any CPU
		{32E9E2D0-B2CF-4807-893C-76D84E7436A2}.Debug|Any CPU.ActiveCfg = Debug|Any CPU
		{32E9E2D0-B2CF-4807-893C-76D84E7436A2}.Debug|Any CPU.Build.0 = Debug|Any CPU
		{32E9E2D0-B2CF-4807-893C-76D84E7436A2}.Release|Any CPU.ActiveCfg = Release|Any CPU
		{32E9E2D0-B2CF-4807-893C-76D84E7436A2}.Release|Any CPU.Build.0 = Release|Any CPU
		{F172F338-65B4-43F0-B0AB-FAA63919DA63}.Debug|Any CPU.ActiveCfg = Debug|Any CPU
		{F172F338-65B4-43F0-B0AB-FAA63919DA63}.Debug|Any CPU.Build.0 = Debug|Any CPU
		{F172F338-65B4-43F0-B0AB-FAA63919DA63}.Release|Any CPU.ActiveCfg = Release|Any CPU
		{F172F338-65B4-43F0-B0AB-FAA63919DA63}.Release|Any CPU.Build.0 = Release|Any CPU
		{99E201B6-5885-4619-8C8B-A5871B3912F5}.Debug|Any CPU.ActiveCfg = Debug|Any CPU
		{99E201B6-5885-4619-8C8B-A5871B3912F5}.Debug|Any CPU.Build.0 = Debug|Any CPU
		{99E201B6-5885-4619-8C8B-A5871B3912F5}.Release|Any CPU.ActiveCfg = Release|Any CPU
		{99E201B6-5885-4619-8C8B-A5871B3912F5}.Release|Any CPU.Build.0 = Release|Any CPU
		{91EA0D0B-D3BA-497F-AFEB-2CAD59DEBA0E}.Debug|Any CPU.ActiveCfg = Debug|Any CPU
		{91EA0D0B-D3BA-497F-AFEB-2CAD59DEBA0E}.Debug|Any CPU.Build.0 = Debug|Any CPU
		{91EA0D0B-D3BA-497F-AFEB-2CAD59DEBA0E}.Release|Any CPU.ActiveCfg = Release|Any CPU
		{91EA0D0B-D3BA-497F-AFEB-2CAD59DEBA0E}.Release|Any CPU.Build.0 = Release|Any CPU
	EndGlobalSection
	GlobalSection(SolutionProperties) = preSolution
		HideSolutionNode = FALSE
	EndGlobalSection
	GlobalSection(NestedProjects) = preSolution
		{CFD70B77-054E-4900-A2B5-71368CC789E2} = {A5AD80F6-5807-49F0-96A7-8D809D71A926}
		{6377EB9A-2693-44D3-856A-1AE328314A45} = {A54213A7-4F25-4A43-BB44-77021498EC05}
		{5D134F9D-2B1B-4AC9-8A5D-27AB70ACB764} = {C8AF8770-9AFB-455B-86C4-0B6A935CF741}
		{AA1A4F5D-3BD4-4832-9F5D-90727007727E} = {1A936E94-1279-4635-8BCD-4C402F993D85}
		{171F6346-AAEC-4D1D-9B11-0B70100B4CB2} = {7C668AE2-140D-4AE1-AF15-FCDD698D4FD3}
		{E70D1DAE-CBCA-4E09-9DB5-70C50A078CD5} = {C99F511F-EEDA-4C5A-B891-EB1A882F7DA7}
		{BF2A744A-FF3F-4B30-8D03-7F0E3E39BD1B} = {7C668AE2-140D-4AE1-AF15-FCDD698D4FD3}
		{13C6B535-BB6A-413D-ACAB-292BC090D6E9} = {D44CE920-0C87-4D06-9ABC-34D958A54EEE}
		{0EE2A292-74E0-4823-8615-7AEA10FF7904} = {13C6B535-BB6A-413D-ACAB-292BC090D6E9}
		{80FD4A75-27CB-43DE-A14E-BBCE71C8821E} = {13C6B535-BB6A-413D-ACAB-292BC090D6E9}
		{2C18E3BE-FE56-4B89-B525-5DEB0298B052} = {80FD4A75-27CB-43DE-A14E-BBCE71C8821E}
		{6C677D02-91E3-48F0-869B-189F704F573C} = {80FD4A75-27CB-43DE-A14E-BBCE71C8821E}
		{32E9E2D0-B2CF-4807-893C-76D84E7436A2} = {0EE2A292-74E0-4823-8615-7AEA10FF7904}
		{F172F338-65B4-43F0-B0AB-FAA63919DA63} = {0EE2A292-74E0-4823-8615-7AEA10FF7904}
		{7C668AE2-140D-4AE1-AF15-FCDD698D4FD3} = {D44CE920-0C87-4D06-9ABC-34D958A54EEE}
		{99E201B6-5885-4619-8C8B-A5871B3912F5} = {C8AF8770-9AFB-455B-86C4-0B6A935CF741}
		{91EA0D0B-D3BA-497F-AFEB-2CAD59DEBA0E} = {1A936E94-1279-4635-8BCD-4C402F993D85}
	EndGlobalSection
EndGlobal
